
Microsoft Visual Studio Solution File, Format Version 12.00
# Visual Studio 14
VisualStudioVersion = 14.0.25420.1
MinimumVisualStudioVersion = 10.0.40219.1
Project("{FAE04EC0-301F-11D3-BF4B-00C04F79EFBC}") = "Exam_Intra_Bourassa_Marie-Eve", "Exam_Intra_Bourassa_Marie-Eve\Exam_Intra_Bourassa_Marie-Eve.csproj", "{1D7F631C-EC63-4DF2-8B05-63E34D8A2D47}"
EndProject
Global
	GlobalSection(SolutionConfigurationPlatforms) = preSolution
		Debug|Any CPU = Debug|Any CPU
		Release|Any CPU = Release|Any CPU
	EndGlobalSection
	GlobalSection(ProjectConfigurationPlatforms) = postSolution
		{1D7F631C-EC63-4DF2-8B05-63E34D8A2D47}.Debug|Any CPU.ActiveCfg = Debug|Any CPU
		{1D7F631C-EC63-4DF2-8B05-63E34D8A2D47}.Debug|Any CPU.Build.0 = Debug|Any CPU
		{1D7F631C-EC63-4DF2-8B05-63E34D8A2D47}.Release|Any CPU.ActiveCfg = Release|Any CPU
		{1D7F631C-EC63-4DF2-8B05-63E34D8A2D47}.Release|Any CPU.Build.0 = Release|Any CPU
	EndGlobalSection
	GlobalSection(SolutionProperties) = preSolution
		HideSolutionNode = FALSE
	EndGlobalSection
EndGlobal
